
Microsoft Visual Studio Solution File, Format Version 12.00
Project("{2150E333-8FDC-42A3-9474-1A3956D46DE8}") = "Behavioral Patterns", "Behavioral Patterns", "{25CEC094-D8C2-4C3F-B930-D146D5D1D2F8}"
EndProject
Project("{2150E333-8FDC-42A3-9474-1A3956D46DE8}") = "Structural Patterns", "Structural Patterns", "{2A2CD571-34A9-4C40-BFBF-35F2FCCA7BA1}"
EndProject
Project("{FAE04EC0-301F-11D3-BF4B-00C04F79EFBC}") = "CommandPattern", "Behavioral Patterns\CommandPattern\CommandPattern.csproj", "{D7E84485-669D-4E07-A3BE-4B539B6C2C24}"
EndProject
Project("{FAE04EC0-301F-11D3-BF4B-00C04F79EFBC}") = "ObserverPattern", "Behavioral Patterns\ObserverPattern\ObserverPattern.csproj", "{B4AFC353-2878-4F3F-A4C1-0684E88CAC9E}"
EndProject
Project("{FAE04EC0-301F-11D3-BF4B-00C04F79EFBC}") = "StatePattern", "Behavioral Patterns\StatePattern\StatePattern.csproj", "{F18FF92D-A0AB-4B51-80A7-FC09854812B6}"
EndProject
Project("{FAE04EC0-301F-11D3-BF4B-00C04F79EFBC}") = "StrategyPattern", "Behavioral Patterns\StrategyPattern\StrategyPattern.csproj", "{1C18A325-6D39-410C-BEFA-C7C62E8F4CE3}"
EndProject
Project("{FAE04EC0-301F-11D3-BF4B-00C04F79EFBC}") = "AdapterPattern", "Structural Patterns\AdapterPattern\AdapterPattern.csproj", "{B6C1A2C6-D332-4918-A9E6-048B9B32AF31}"
EndProject
Project("{FAE04EC0-301F-11D3-BF4B-00C04F79EFBC}") = "FacadePattern", "Structural Patterns\FacadePattern\FacadePattern.csproj", "{5A621F44-ACEA-408B-BCF8-C5671959B03A}"
EndProject
Project("{FAE04EC0-301F-11D3-BF4B-00C04F79EFBC}") = "ChainOfResponsibilityPattern", "Behavioral Patterns\ChainOfResponsibilityPattern\ChainOfResponsibilityPattern.csproj", "{C6E19BCF-B33D-4BBA-88D8-D0CF543E4070}"
EndProject
Global
	GlobalSection(SolutionConfigurationPlatforms) = preSolution
		Debug|Any CPU = Debug|Any CPU
		Release|Any CPU = Release|Any CPU
	EndGlobalSection
	GlobalSection(ProjectConfigurationPlatforms) = postSolution
		{D7E84485-669D-4E07-A3BE-4B539B6C2C24}.Debug|Any CPU.ActiveCfg = Debug|Any CPU
		{D7E84485-669D-4E07-A3BE-4B539B6C2C24}.Debug|Any CPU.Build.0 = Debug|Any CPU
		{D7E84485-669D-4E07-A3BE-4B539B6C2C24}.Release|Any CPU.ActiveCfg = Release|Any CPU
		{D7E84485-669D-4E07-A3BE-4B539B6C2C24}.Release|Any CPU.Build.0 = Release|Any CPU
		{B4AFC353-2878-4F3F-A4C1-0684E88CAC9E}.Debug|Any CPU.ActiveCfg = Debug|Any CPU
		{B4AFC353-2878-4F3F-A4C1-0684E88CAC9E}.Debug|Any CPU.Build.0 = Debug|Any CPU
		{B4AFC353-2878-4F3F-A4C1-0684E88CAC9E}.Release|Any CPU.ActiveCfg = Release|Any CPU
		{B4AFC353-2878-4F3F-A4C1-0684E88CAC9E}.Release|Any CPU.Build.0 = Release|Any CPU
		{F18FF92D-A0AB-4B51-80A7-FC09854812B6}.Debug|Any CPU.ActiveCfg = Debug|Any CPU
		{F18FF92D-A0AB-4B51-80A7-FC09854812B6}.Debug|Any CPU.Build.0 = Debug|Any CPU
		{F18FF92D-A0AB-4B51-80A7-FC09854812B6}.Release|Any CPU.ActiveCfg = Release|Any CPU
		{F18FF92D-A0AB-4B51-80A7-FC09854812B6}.Release|Any CPU.Build.0 = Release|Any CPU
		{1C18A325-6D39-410C-BEFA-C7C62E8F4CE3}.Debug|Any CPU.ActiveCfg = Debug|Any CPU
		{1C18A325-6D39-410C-BEFA-C7C62E8F4CE3}.Debug|Any CPU.Build.0 = Debug|Any CPU
		{1C18A325-6D39-410C-BEFA-C7C62E8F4CE3}.Release|Any CPU.ActiveCfg = Release|Any CPU
		{1C18A325-6D39-410C-BEFA-C7C62E8F4CE3}.Release|Any CPU.Build.0 = Release|Any CPU
		{B6C1A2C6-D332-4918-A9E6-048B9B32AF31}.Debug|Any CPU.ActiveCfg = Debug|Any CPU
		{B6C1A2C6-D332-4918-A9E6-048B9B32AF31}.Debug|Any CPU.Build.0 = Debug|Any CPU
		{B6C1A2C6-D332-4918-A9E6-048B9B32AF31}.Release|Any CPU.ActiveCfg = Release|Any CPU
		{B6C1A2C6-D332-4918-A9E6-048B9B32AF31}.Release|Any CPU.Build.0 = Release|Any CPU
		{5A621F44-ACEA-408B-BCF8-C5671959B03A}.Debug|Any CPU.ActiveCfg = Debug|Any CPU
		{5A621F44-ACEA-408B-BCF8-C5671959B03A}.Debug|Any CPU.Build.0 = Debug|Any CPU
		{5A621F44-ACEA-408B-BCF8-C5671959B03A}.Release|Any CPU.ActiveCfg = Release|Any CPU
		{5A621F44-ACEA-408B-BCF8-C5671959B03A}.Release|Any CPU.Build.0 = Release|Any CPU
		{C6E19BCF-B33D-4BBA-88D8-D0CF543E4070}.Debug|Any CPU.ActiveCfg = Debug|Any CPU
		{C6E19BCF-B33D-4BBA-88D8-D0CF543E4070}.Debug|Any CPU.Build.0 = Debug|Any CPU
		{C6E19BCF-B33D-4BBA-88D8-D0CF543E4070}.Release|Any CPU.ActiveCfg = Release|Any CPU
		{C6E19BCF-B33D-4BBA-88D8-D0CF543E4070}.Release|Any CPU.Build.0 = Release|Any CPU
	EndGlobalSection
	GlobalSection(NestedProjects) = preSolution
		{D7E84485-669D-4E07-A3BE-4B539B6C2C24} = {25CEC094-D8C2-4C3F-B930-D146D5D1D2F8}
		{B4AFC353-2878-4F3F-A4C1-0684E88CAC9E} = {25CEC094-D8C2-4C3F-B930-D146D5D1D2F8}
		{F18FF92D-A0AB-4B51-80A7-FC09854812B6} = {25CEC094-D8C2-4C3F-B930-D146D5D1D2F8}
		{1C18A325-6D39-410C-BEFA-C7C62E8F4CE3} = {25CEC094-D8C2-4C3F-B930-D146D5D1D2F8}
		{B6C1A2C6-D332-4918-A9E6-048B9B32AF31} = {2A2CD571-34A9-4C40-BFBF-35F2FCCA7BA1}
		{5A621F44-ACEA-408B-BCF8-C5671959B03A} = {2A2CD571-34A9-4C40-BFBF-35F2FCCA7BA1}
		{C6E19BCF-B33D-4BBA-88D8-D0CF543E4070} = {25CEC094-D8C2-4C3F-B930-D146D5D1D2F8}
	EndGlobalSection
EndGlobal
