
Microsoft Visual Studio Solution File, Format Version 12.00
Project("{FAE04EC0-301F-11D3-BF4B-00C04F79EFBC}") = "ObserverPattern", "ObserverPattern\ObserverPattern.csproj", "{0A63BEB2-2500-4E60-B347-EA58F25AD6E9}"
EndProject
Project("{FAE04EC0-301F-11D3-BF4B-00C04F79EFBC}") = "CommandPattern", "CommandPattern\CommandPattern.csproj", "{659F462B-4769-4313-AE86-C9D9A20991EE}"
EndProject
Project("{FAE04EC0-301F-11D3-BF4B-00C04F79EFBC}") = "StrategyPattern", "StrategyPattern\StrategyPattern.csproj", "{BD44A3A2-9418-4C40-A827-F055EA0875E3}"
EndProject
Project("{FAE04EC0-301F-11D3-BF4B-00C04F79EFBC}") = "StatePattern", "StatePattern\StatePattern.csproj", "{494F4B33-2318-47CA-BC14-88CAB9199426}"
EndProject
Project("{2150E333-8FDC-42A3-9474-1A3956D46DE8}") = "Behavioral Patterns", "Behavioral Patterns", "{25CEC094-D8C2-4C3F-B930-D146D5D1D2F8}"
EndProject
Project("{2150E333-8FDC-42A3-9474-1A3956D46DE8}") = "Structural Patterns", "Structural Patterns", "{2A2CD571-34A9-4C40-BFBF-35F2FCCA7BA1}"
EndProject
Project("{FAE04EC0-301F-11D3-BF4B-00C04F79EFBC}") = "AdapterPattern", "..\AdapterPattern\AdapterPattern.csproj", "{78F3F72A-0488-46C6-8FEE-D31A9DF76086}"
EndProject
Project("{FAE04EC0-301F-11D3-BF4B-00C04F79EFBC}") = "FacadePattern", "FacadePattern\FacadePattern.csproj", "{DB792B6C-9655-47DE-BEAE-D8EA06E529C2}"
EndProject
Global
	GlobalSection(SolutionConfigurationPlatforms) = preSolution
		Debug|Any CPU = Debug|Any CPU
		Release|Any CPU = Release|Any CPU
	EndGlobalSection
	GlobalSection(ProjectConfigurationPlatforms) = postSolution
		{0A63BEB2-2500-4E60-B347-EA58F25AD6E9}.Debug|Any CPU.ActiveCfg = Debug|Any CPU
		{0A63BEB2-2500-4E60-B347-EA58F25AD6E9}.Debug|Any CPU.Build.0 = Debug|Any CPU
		{0A63BEB2-2500-4E60-B347-EA58F25AD6E9}.Release|Any CPU.ActiveCfg = Release|Any CPU
		{0A63BEB2-2500-4E60-B347-EA58F25AD6E9}.Release|Any CPU.Build.0 = Release|Any CPU
		{659F462B-4769-4313-AE86-C9D9A20991EE}.Debug|Any CPU.ActiveCfg = Debug|Any CPU
		{659F462B-4769-4313-AE86-C9D9A20991EE}.Debug|Any CPU.Build.0 = Debug|Any CPU
		{659F462B-4769-4313-AE86-C9D9A20991EE}.Release|Any CPU.ActiveCfg = Release|Any CPU
		{659F462B-4769-4313-AE86-C9D9A20991EE}.Release|Any CPU.Build.0 = Release|Any CPU
		{BD44A3A2-9418-4C40-A827-F055EA0875E3}.Debug|Any CPU.ActiveCfg = Debug|Any CPU
		{BD44A3A2-9418-4C40-A827-F055EA0875E3}.Debug|Any CPU.Build.0 = Debug|Any CPU
		{BD44A3A2-9418-4C40-A827-F055EA0875E3}.Release|Any CPU.ActiveCfg = Release|Any CPU
		{BD44A3A2-9418-4C40-A827-F055EA0875E3}.Release|Any CPU.Build.0 = Release|Any CPU
		{494F4B33-2318-47CA-BC14-88CAB9199426}.Debug|Any CPU.ActiveCfg = Debug|Any CPU
		{494F4B33-2318-47CA-BC14-88CAB9199426}.Debug|Any CPU.Build.0 = Debug|Any CPU
		{494F4B33-2318-47CA-BC14-88CAB9199426}.Release|Any CPU.ActiveCfg = Release|Any CPU
		{494F4B33-2318-47CA-BC14-88CAB9199426}.Release|Any CPU.Build.0 = Release|Any CPU
		{78F3F72A-0488-46C6-8FEE-D31A9DF76086}.Debug|Any CPU.ActiveCfg = Debug|Any CPU
		{78F3F72A-0488-46C6-8FEE-D31A9DF76086}.Debug|Any CPU.Build.0 = Debug|Any CPU
		{78F3F72A-0488-46C6-8FEE-D31A9DF76086}.Release|Any CPU.ActiveCfg = Release|Any CPU
		{78F3F72A-0488-46C6-8FEE-D31A9DF76086}.Release|Any CPU.Build.0 = Release|Any CPU
		{DB792B6C-9655-47DE-BEAE-D8EA06E529C2}.Debug|Any CPU.ActiveCfg = Debug|Any CPU
		{DB792B6C-9655-47DE-BEAE-D8EA06E529C2}.Debug|Any CPU.Build.0 = Debug|Any CPU
		{DB792B6C-9655-47DE-BEAE-D8EA06E529C2}.Release|Any CPU.ActiveCfg = Release|Any CPU
		{DB792B6C-9655-47DE-BEAE-D8EA06E529C2}.Release|Any CPU.Build.0 = Release|Any CPU
	EndGlobalSection
	GlobalSection(NestedProjects) = preSolution
		{659F462B-4769-4313-AE86-C9D9A20991EE} = {25CEC094-D8C2-4C3F-B930-D146D5D1D2F8}
		{0A63BEB2-2500-4E60-B347-EA58F25AD6E9} = {25CEC094-D8C2-4C3F-B930-D146D5D1D2F8}
		{BD44A3A2-9418-4C40-A827-F055EA0875E3} = {25CEC094-D8C2-4C3F-B930-D146D5D1D2F8}
		{494F4B33-2318-47CA-BC14-88CAB9199426} = {25CEC094-D8C2-4C3F-B930-D146D5D1D2F8}
		{78F3F72A-0488-46C6-8FEE-D31A9DF76086} = {2A2CD571-34A9-4C40-BFBF-35F2FCCA7BA1}
		{DB792B6C-9655-47DE-BEAE-D8EA06E529C2} = {2A2CD571-34A9-4C40-BFBF-35F2FCCA7BA1}
	EndGlobalSection
EndGlobal
